
Microsoft Visual Studio Solution File, Format Version 12.00
# Visual Studio Version 17
VisualStudioVersion = 17.7.34031.279
MinimumVisualStudioVersion = 10.0.40219.1
Project("{9A19103F-16F7-4668-BE54-9A1E7A4F7556}") = "TierraMediaWeb", "TierraMediaWeb\TierraMediaWeb.csproj", "{2057D9D8-F4C1-48E8-B2A6-6947C7A7FD38}"
EndProject
Global
	GlobalSection(SolutionConfigurationPlatforms) = preSolution
		Debug|Any CPU = Debug|Any CPU
		Release|Any CPU = Release|Any CPU
	EndGlobalSection
	GlobalSection(ProjectConfigurationPlatforms) = postSolution
		{2057D9D8-F4C1-48E8-B2A6-6947C7A7FD38}.Debug|Any CPU.ActiveCfg = Debug|Any CPU
		{2057D9D8-F4C1-48E8-B2A6-6947C7A7FD38}.Debug|Any CPU.Build.0 = Debug|Any CPU
		{2057D9D8-F4C1-48E8-B2A6-6947C7A7FD38}.Release|Any CPU.ActiveCfg = Release|Any CPU
		{2057D9D8-F4C1-48E8-B2A6-6947C7A7FD38}.Release|Any CPU.Build.0 = Release|Any CPU
	EndGlobalSection
	GlobalSection(SolutionProperties) = preSolution
		HideSolutionNode = FALSE
	EndGlobalSection
	GlobalSection(ExtensibilityGlobals) = postSolution
		SolutionGuid = {0BEC24F1-3A8B-4818-82ED-E4AD5F47805D}
	EndGlobalSection
EndGlobal
